
Microsoft Visual Studio Solution File, Format Version 12.00
# Visual Studio Version 17
VisualStudioVersion = 17.4.33213.308
MinimumVisualStudioVersion = 10.0.40219.1
Project("{9A19103F-16F7-4668-BE54-9A1E7A4F7556}") = "Supermarket-mvp", "Supermarket-mvp.csproj", "{290807B6-A9D9-4FDA-AEF3-5D33826970E4}"
EndProject
Project("{2150E333-8FDC-42A3-9474-1A3956D46DE8}") = "Solution Items", "Solution Items", "{EC74B0C3-2DB0-4953-B81F-EC2F80AB9644}"
	ProjectSection(SolutionItems) = preProject
		.editorconfig = .editorconfig
	EndProjectSection
EndProject
Global
	GlobalSection(SolutionConfigurationPlatforms) = preSolution
		Debug|Any CPU = Debug|Any CPU
		Release|Any CPU = Release|Any CPU
	EndGlobalSection
	GlobalSection(ProjectConfigurationPlatforms) = postSolution
		{290807B6-A9D9-4FDA-AEF3-5D33826970E4}.Debug|Any CPU.ActiveCfg = Debug|Any CPU
		{290807B6-A9D9-4FDA-AEF3-5D33826970E4}.Debug|Any CPU.Build.0 = Debug|Any CPU
		{290807B6-A9D9-4FDA-AEF3-5D33826970E4}.Release|Any CPU.ActiveCfg = Release|Any CPU
		{290807B6-A9D9-4FDA-AEF3-5D33826970E4}.Release|Any CPU.Build.0 = Release|Any CPU
	EndGlobalSection
	GlobalSection(SolutionProperties) = preSolution
		HideSolutionNode = FALSE
	EndGlobalSection
	GlobalSection(ExtensibilityGlobals) = postSolution
		SolutionGuid = {A783DC33-C791-4961-B3B1-9F1AAE44CB09}
	EndGlobalSection
EndGlobal
